
Microsoft Visual Studio Solution File, Format Version 11.00
# Visual Studio 2010
Project("{FAE04EC0-301F-11D3-BF4B-00C04F79EFBC}") = "WorkspaceLoginManagementApp", "WindowsFormsApplication1\WorkspaceLoginManagementApp.csproj", "{6A62D5A3-031A-4192-AF66-A35871D9CFD6}"
EndProject
Global
	GlobalSection(SolutionConfigurationPlatforms) = preSolution
		Debug|x86 = Debug|x86
		Release|x86 = Release|x86
	EndGlobalSection
	GlobalSection(ProjectConfigurationPlatforms) = postSolution
		{6A62D5A3-031A-4192-AF66-A35871D9CFD6}.Debug|x86.ActiveCfg = Debug|x86
		{6A62D5A3-031A-4192-AF66-A35871D9CFD6}.Debug|x86.Build.0 = Debug|x86
		{6A62D5A3-031A-4192-AF66-A35871D9CFD6}.Release|x86.ActiveCfg = Release|x86
		{6A62D5A3-031A-4192-AF66-A35871D9CFD6}.Release|x86.Build.0 = Release|x86
	EndGlobalSection
	GlobalSection(SolutionProperties) = preSolution
		HideSolutionNode = FALSE
	EndGlobalSection
EndGlobal
